// !$*UTF8*$!
{
	archiveVersion = 1;
	classes = {
	};
	objectVersion = 50;
	objects = {

/* Begin PBXBuildFile section */
		BC83569B20C496AB00E36EE7 /* Podfile in Resources */ = {isa = PBXBuildFile; fileRef = BC83569A20C496AB00E36EE7 /* Podfile */; };
		C8BA291120C3ED5F00FB8E89 /* AppDelegate.swift in Sources */ = {isa = PBXBuildFile; fileRef = C8BA291020C3ED5F00FB8E89 /* AppDelegate.swift */; };
		C8BA291320C3ED5F00FB8E89 /* PhotoFilterViewController.swift in Sources */ = {isa = PBXBuildFile; fileRef = C8BA291220C3ED5F00FB8E89 /* PhotoFilterViewController.swift */; };
		C8BA291620C3ED5F00FB8E89 /* Main.storyboard in Resources */ = {isa = PBXBuildFile; fileRef = C8BA291420C3ED5F00FB8E89 /* Main.storyboard */; };
		C8BA291820C3ED6100FB8E89 /* Assets.xcassets in Resources */ = {isa = PBXBuildFile; fileRef = C8BA291720C3ED6100FB8E89 /* Assets.xcassets */; };
		C8BA291B20C3ED6100FB8E89 /* LaunchScreen.storyboard in Resources */ = {isa = PBXBuildFile; fileRef = C8BA291920C3ED6100FB8E89 /* LaunchScreen.storyboard */; };
		C8BA292620C3ED6100FB8E89 /* PhotoFilterTests.swift in Sources */ = {isa = PBXBuildFile; fileRef = C8BA292520C3ED6100FB8E89 /* PhotoFilterTests.swift */; };
		C8BA293120C3ED6100FB8E89 /* PhotoFilterUITests.swift in Sources */ = {isa = PBXBuildFile; fileRef = C8BA293020C3ED6100FB8E89 /* PhotoFilterUITests.swift */; };
		C8BA294220C41E0100FB8E89 /* Photo.swift in Sources */ = {isa = PBXBuildFile; fileRef = C8BA294120C41E0100FB8E89 /* Photo.swift */; };
		C8BA294420C4203000FB8E89 /* Service.swift in Sources */ = {isa = PBXBuildFile; fileRef = C8BA294320C4203000FB8E89 /* Service.swift */; };
		C8BA294620C4213500FB8E89 /* PhotoCell.swift in Sources */ = {isa = PBXBuildFile; fileRef = C8BA294520C4213500FB8E89 /* PhotoCell.swift */; };
		E21B9593A01A68D21F849E94 /* Pods_PhotoFilter.framework in Frameworks */ = {isa = PBXBuildFile; fileRef = 6CC9C67813BD92733C7B6D5F /* Pods_PhotoFilter.framework */; };
/* End PBXBuildFile section */

/* Begin PBXContainerItemProxy section */
		C8BA292220C3ED6100FB8E89 /* PBXContainerItemProxy */ = {
			isa = PBXContainerItemProxy;
			containerPortal = C8BA290520C3ED5F00FB8E89 /* Project object */;
			proxyType = 1;
			remoteGlobalIDString = C8BA290C20C3ED5F00FB8E89;
			remoteInfo = PhotoFilter;
		};
		C8BA292D20C3ED6100FB8E89 /* PBXContainerItemProxy */ = {
			isa = PBXContainerItemProxy;
			containerPortal = C8BA290520C3ED5F00FB8E89 /* Project object */;
			proxyType = 1;
			remoteGlobalIDString = C8BA290C20C3ED5F00FB8E89;
			remoteInfo = PhotoFilter;
		};
/* End PBXContainerItemProxy section */

/* Begin PBXFileReference section */
		6CC9C67813BD92733C7B6D5F /* Pods_PhotoFilter.framework */ = {isa = PBXFileReference; explicitFileType = wrapper.framework; includeInIndex = 0; path = Pods_PhotoFilter.framework; sourceTree = BUILT_PRODUCTS_DIR; };
		BC83569A20C496AB00E36EE7 /* Podfile */ = {isa = PBXFileReference; fileEncoding = 4; lastKnownFileType = text; path = Podfile; sourceTree = "<group>"; xcLanguageSpecificationIdentifier = xcode.lang.ruby; };
		C8BA290D20C3ED5F00FB8E89 /* PhotoFilter.app */ = {isa = PBXFileReference; explicitFileType = wrapper.application; includeInIndex = 0; path = PhotoFilter.app; sourceTree = BUILT_PRODUCTS_DIR; };
		C8BA291020C3ED5F00FB8E89 /* AppDelegate.swift */ = {isa = PBXFileReference; lastKnownFileType = sourcecode.swift; path = AppDelegate.swift; sourceTree = "<group>"; };
		C8BA291220C3ED5F00FB8E89 /* PhotoFilterViewController.swift */ = {isa = PBXFileReference; lastKnownFileType = sourcecode.swift; path = PhotoFilterViewController.swift; sourceTree = "<group>"; };
		C8BA291520C3ED5F00FB8E89 /* Base */ = {isa = PBXFileReference; lastKnownFileType = file.storyboard; name = Base; path = Base.lproj/Main.storyboard; sourceTree = "<group>"; };
		C8BA291720C3ED6100FB8E89 /* Assets.xcassets */ = {isa = PBXFileReference; lastKnownFileType = folder.assetcatalog; path = Assets.xcassets; sourceTree = "<group>"; };
		C8BA291A20C3ED6100FB8E89 /* Base */ = {isa = PBXFileReference; lastKnownFileType = file.storyboard; name = Base; path = Base.lproj/LaunchScreen.storyboard; sourceTree = "<group>"; };
		C8BA291C20C3ED6100FB8E89 /* Info.plist */ = {isa = PBXFileReference; lastKnownFileType = text.plist.xml; path = Info.plist; sourceTree = "<group>"; };
		C8BA292120C3ED6100FB8E89 /* PhotoFilterTests.xctest */ = {isa = PBXFileReference; explicitFileType = wrapper.cfbundle; includeInIndex = 0; path = PhotoFilterTests.xctest; sourceTree = BUILT_PRODUCTS_DIR; };
		C8BA292520C3ED6100FB8E89 /* PhotoFilterTests.swift */ = {isa = PBXFileReference; lastKnownFileType = sourcecode.swift; path = PhotoFilterTests.swift; sourceTree = "<group>"; };
		C8BA292720C3ED6100FB8E89 /* Info.plist */ = {isa = PBXFileReference; lastKnownFileType = text.plist.xml; path = Info.plist; sourceTree = "<group>"; };
		C8BA292C20C3ED6100FB8E89 /* PhotoFilterUITests.xctest */ = {isa = PBXFileReference; explicitFileType = wrapper.cfbundle; includeInIndex = 0; path = PhotoFilterUITests.xctest; sourceTree = BUILT_PRODUCTS_DIR; };
		C8BA293020C3ED6100FB8E89 /* PhotoFilterUITests.swift */ = {isa = PBXFileReference; lastKnownFileType = sourcecode.swift; path = PhotoFilterUITests.swift; sourceTree = "<group>"; };
		C8BA293220C3ED6100FB8E89 /* Info.plist */ = {isa = PBXFileReference; lastKnownFileType = text.plist.xml; path = Info.plist; sourceTree = "<group>"; };
		C8BA294120C41E0100FB8E89 /* Photo.swift */ = {isa = PBXFileReference; lastKnownFileType = sourcecode.swift; path = Photo.swift; sourceTree = "<group>"; };
		C8BA294320C4203000FB8E89 /* Service.swift */ = {isa = PBXFileReference; lastKnownFileType = sourcecode.swift; path = Service.swift; sourceTree = "<group>"; };
		C8BA294520C4213500FB8E89 /* PhotoCell.swift */ = {isa = PBXFileReference; lastKnownFileType = sourcecode.swift; path = PhotoCell.swift; sourceTree = "<group>"; };
		DEC9C6D73DD9C3968CDCB6A7 /* Pods-PhotoFilter.debug.xcconfig */ = {isa = PBXFileReference; includeInIndex = 1; lastKnownFileType = text.xcconfig; name = "Pods-PhotoFilter.debug.xcconfig"; path = "Pods/Target Support Files/Pods-PhotoFilter/Pods-PhotoFilter.debug.xcconfig"; sourceTree = "<group>"; };
		F3CD235E552197C5CF3A6A14 /* Pods-PhotoFilter.release.xcconfig */ = {isa = PBXFileReference; includeInIndex = 1; lastKnownFileType = text.xcconfig; name = "Pods-PhotoFilter.release.xcconfig"; path = "Pods/Target Support Files/Pods-PhotoFilter/Pods-PhotoFilter.release.xcconfig"; sourceTree = "<group>"; };
/* End PBXFileReference section */

/* Begin PBXFrameworksBuildPhase section */
		C8BA290A20C3ED5F00FB8E89 /* Frameworks */ = {
			isa = PBXFrameworksBuildPhase;
			buildActionMask = 2147483647;
			files = (
				E21B9593A01A68D21F849E94 /* Pods_PhotoFilter.framework in Frameworks */,
			);
			runOnlyForDeploymentPostprocessing = 0;
		};
		C8BA291E20C3ED6100FB8E89 /* Frameworks */ = {
			isa = PBXFrameworksBuildPhase;
			buildActionMask = 2147483647;
			files = (
			);
			runOnlyForDeploymentPostprocessing = 0;
		};
		C8BA292920C3ED6100FB8E89 /* Frameworks */ = {
			isa = PBXFrameworksBuildPhase;
			buildActionMask = 2147483647;
			files = (
			);
			runOnlyForDeploymentPostprocessing = 0;
		};
/* End PBXFrameworksBuildPhase section */

/* Begin PBXGroup section */
		8A52B0EAB020F798B6E4153A /* Frameworks */ = {
			isa = PBXGroup;
			children = (
				6CC9C67813BD92733C7B6D5F /* Pods_PhotoFilter.framework */,
			);
			name = Frameworks;
			sourceTree = "<group>";
		};
		9186BD7E2D8560A943BDFF40 /* Pods */ = {
			isa = PBXGroup;
			children = (
				DEC9C6D73DD9C3968CDCB6A7 /* Pods-PhotoFilter.debug.xcconfig */,
				F3CD235E552197C5CF3A6A14 /* Pods-PhotoFilter.release.xcconfig */,
			);
			name = Pods;
			sourceTree = "<group>";
		};
		BC83569720C4952400E36EE7 /* Resources */ = {
			isa = PBXGroup;
			children = (
				C8BA291C20C3ED6100FB8E89 /* Info.plist */,
				C8BA291720C3ED6100FB8E89 /* Assets.xcassets */,
				C8BA291920C3ED6100FB8E89 /* LaunchScreen.storyboard */,
			);
			path = Resources;
			sourceTree = "<group>";
		};
		C8BA290420C3ED5F00FB8E89 = {
			isa = PBXGroup;
			children = (
				C8BA290F20C3ED5F00FB8E89 /* PhotoFilter */,
				C8BA292420C3ED6100FB8E89 /* PhotoFilterTests */,
				C8BA292F20C3ED6100FB8E89 /* PhotoFilterUITests */,
				C8BA290E20C3ED5F00FB8E89 /* Products */,
				BC83569A20C496AB00E36EE7 /* Podfile */,
				9186BD7E2D8560A943BDFF40 /* Pods */,
				8A52B0EAB020F798B6E4153A /* Frameworks */,
			);
			sourceTree = "<group>";
		};
		C8BA290E20C3ED5F00FB8E89 /* Products */ = {
			isa = PBXGroup;
			children = (
				C8BA290D20C3ED5F00FB8E89 /* PhotoFilter.app */,
				C8BA292120C3ED6100FB8E89 /* PhotoFilterTests.xctest */,
				C8BA292C20C3ED6100FB8E89 /* PhotoFilterUITests.xctest */,
			);
			name = Products;
			sourceTree = "<group>";
		};
		C8BA290F20C3ED5F00FB8E89 /* PhotoFilter */ = {
			isa = PBXGroup;
			children = (
				C8BA291020C3ED5F00FB8E89 /* AppDelegate.swift */,
				C8BA293E20C4077000FB8E89 /* Model */,
				C8BA293F20C4077A00FB8E89 /* ViewController */,
				C8BA294020C4079C00FB8E89 /* Service */,
				BC83569720C4952400E36EE7 /* Resources */,
			);
			path = PhotoFilter;
			sourceTree = "<group>";
		};
		C8BA292420C3ED6100FB8E89 /* PhotoFilterTests */ = {
			isa = PBXGroup;
			children = (
				C8BA292520C3ED6100FB8E89 /* PhotoFilterTests.swift */,
				C8BA292720C3ED6100FB8E89 /* Info.plist */,
			);
			path = PhotoFilterTests;
			sourceTree = "<group>";
		};
		C8BA292F20C3ED6100FB8E89 /* PhotoFilterUITests */ = {
			isa = PBXGroup;
			children = (
				C8BA293020C3ED6100FB8E89 /* PhotoFilterUITests.swift */,
				C8BA293220C3ED6100FB8E89 /* Info.plist */,
			);
			path = PhotoFilterUITests;
			sourceTree = "<group>";
		};
		C8BA293E20C4077000FB8E89 /* Model */ = {
			isa = PBXGroup;
			children = (
				C8BA294120C41E0100FB8E89 /* Photo.swift */,
			);
			path = Model;
			sourceTree = "<group>";
		};
		C8BA293F20C4077A00FB8E89 /* ViewController */ = {
			isa = PBXGroup;
			children = (
				C8BA291220C3ED5F00FB8E89 /* PhotoFilterViewController.swift */,
				C8BA294520C4213500FB8E89 /* PhotoCell.swift */,
				C8BA291420C3ED5F00FB8E89 /* Main.storyboard */,
			);
			path = ViewController;
			sourceTree = "<group>";
		};
		C8BA294020C4079C00FB8E89 /* Service */ = {
			isa = PBXGroup;
			children = (
				C8BA294320C4203000FB8E89 /* Service.swift */,
			);
			path = Service;
			sourceTree = "<group>";
		};
/* End PBXGroup section */

/* Begin PBXNativeTarget section */
		C8BA290C20C3ED5F00FB8E89 /* PhotoFilter */ = {
			isa = PBXNativeTarget;
			buildConfigurationList = C8BA293520C3ED6100FB8E89 /* Build configuration list for PBXNativeTarget "PhotoFilter" */;
			buildPhases = (
				5689D032E35633A6AFAE11FC /* [CP] Check Pods Manifest.lock */,
				C8BA290920C3ED5F00FB8E89 /* Sources */,
				C8BA290A20C3ED5F00FB8E89 /* Frameworks */,
				C8BA290B20C3ED5F00FB8E89 /* Resources */,
				62C725A3096070CF9931B996 /* [CP] Embed Pods Frameworks */,
			);
			buildRules = (
			);
			dependencies = (
			);
			name = PhotoFilter;
			productName = PhotoFilter;
			productReference = C8BA290D20C3ED5F00FB8E89 /* PhotoFilter.app */;
			productType = "com.apple.product-type.application";
		};
		C8BA292020C3ED6100FB8E89 /* PhotoFilterTests */ = {
			isa = PBXNativeTarget;
			buildConfigurationList = C8BA293820C3ED6100FB8E89 /* Build configuration list for PBXNativeTarget "PhotoFilterTests" */;
			buildPhases = (
				C8BA291D20C3ED6100FB8E89 /* Sources */,
				C8BA291E20C3ED6100FB8E89 /* Frameworks */,
				C8BA291F20C3ED6100FB8E89 /* Resources */,
			);
			buildRules = (
			);
			dependencies = (
				C8BA292320C3ED6100FB8E89 /* PBXTargetDependency */,
			);
			name = PhotoFilterTests;
			productName = PhotoFilterTests;
			productReference = C8BA292120C3ED6100FB8E89 /* PhotoFilterTests.xctest */;
			productType = "com.apple.product-type.bundle.unit-test";
		};
		C8BA292B20C3ED6100FB8E89 /* PhotoFilterUITests */ = {
			isa = PBXNativeTarget;
			buildConfigurationList = C8BA293B20C3ED6100FB8E89 /* Build configuration list for PBXNativeTarget "PhotoFilterUITests" */;
			buildPhases = (
				C8BA292820C3ED6100FB8E89 /* Sources */,
				C8BA292920C3ED6100FB8E89 /* Frameworks */,
				C8BA292A20C3ED6100FB8E89 /* Resources */,
			);
			buildRules = (
			);
			dependencies = (
				C8BA292E20C3ED6100FB8E89 /* PBXTargetDependency */,
			);
			name = PhotoFilterUITests;
			productName = PhotoFilterUITests;
			productReference = C8BA292C20C3ED6100FB8E89 /* PhotoFilterUITests.xctest */;
			productType = "com.apple.product-type.bundle.ui-testing";
		};
/* End PBXNativeTarget section */

/* Begin PBXProject section */
		C8BA290520C3ED5F00FB8E89 /* Project object */ = {
			isa = PBXProject;
			attributes = {
				LastSwiftUpdateCheck = 0930;
				LastUpgradeCheck = 0930;
				ORGANIZATIONNAME = Me;
				TargetAttributes = {
					C8BA290C20C3ED5F00FB8E89 = {
						CreatedOnToolsVersion = 9.3.1;
					};
					C8BA292020C3ED6100FB8E89 = {
						CreatedOnToolsVersion = 9.3.1;
						TestTargetID = C8BA290C20C3ED5F00FB8E89;
					};
					C8BA292B20C3ED6100FB8E89 = {
						CreatedOnToolsVersion = 9.3.1;
						TestTargetID = C8BA290C20C3ED5F00FB8E89;
					};
				};
			};
			buildConfigurationList = C8BA290820C3ED5F00FB8E89 /* Build configuration list for PBXProject "PhotoFilter" */;
			compatibilityVersion = "Xcode 9.3";
			developmentRegion = en;
			hasScannedForEncodings = 0;
			knownRegions = (
				en,
				Base,
			);
			mainGroup = C8BA290420C3ED5F00FB8E89;
			productRefGroup = C8BA290E20C3ED5F00FB8E89 /* Products */;
			projectDirPath = "";
			projectRoot = "";
			targets = (
				C8BA290C20C3ED5F00FB8E89 /* PhotoFilter */,
				C8BA292020C3ED6100FB8E89 /* PhotoFilterTests */,
				C8BA292B20C3ED6100FB8E89 /* PhotoFilterUITests */,
			);
		};
/* End PBXProject section */

/* Begin PBXResourcesBuildPhase section */
		C8BA290B20C3ED5F00FB8E89 /* Resources */ = {
			isa = PBXResourcesBuildPhase;
			buildActionMask = 2147483647;
			files = (
				C8BA291B20C3ED6100FB8E89 /* LaunchScreen.storyboard in Resources */,
				C8BA291820C3ED6100FB8E89 /* Assets.xcassets in Resources */,
				BC83569B20C496AB00E36EE7 /* Podfile in Resources */,
				C8BA291620C3ED5F00FB8E89 /* Main.storyboard in Resources */,
			);
			runOnlyForDeploymentPostprocessing = 0;
		};
		C8BA291F20C3ED6100FB8E89 /* Resources */ = {
			isa = PBXResourcesBuildPhase;
			buildActionMask = 2147483647;
			files = (
			);
			runOnlyForDeploymentPostprocessing = 0;
		};
		C8BA292A20C3ED6100FB8E89 /* Resources */ = {
			isa = PBXResourcesBuildPhase;
			buildActionMask = 2147483647;
			files = (
			);
			runOnlyForDeploymentPostprocessing = 0;
		};
/* End PBXResourcesBuildPhase section */

/* Begin PBXShellScriptBuildPhase section */
		5689D032E35633A6AFAE11FC /* [CP] Check Pods Manifest.lock */ = {
			isa = PBXShellScriptBuildPhase;
			buildActionMask = 2147483647;
			files = (
			);
			inputPaths = (
				"${PODS_PODFILE_DIR_PATH}/Podfile.lock",
				"${PODS_ROOT}/Manifest.lock",
			);
			name = "[CP] Check Pods Manifest.lock";
			outputPaths = (
				"$(DERIVED_FILE_DIR)/Pods-PhotoFilter-checkManifestLockResult.txt",
			);
			runOnlyForDeploymentPostprocessing = 0;
			shellPath = /bin/sh;
			shellScript = "diff \"${PODS_PODFILE_DIR_PATH}/Podfile.lock\" \"${PODS_ROOT}/Manifest.lock\" > /dev/null\nif [ $? != 0 ] ; then\n    # print error to STDERR\n    echo \"error: The sandbox is not in sync with the Podfile.lock. Run 'pod install' or update your CocoaPods installation.\" >&2\n    exit 1\nfi\n# This output is used by Xcode 'outputs' to avoid re-running this script phase.\necho \"SUCCESS\" > \"${SCRIPT_OUTPUT_FILE_0}\"\n";
			showEnvVarsInLog = 0;
		};
		62C725A3096070CF9931B996 /* [CP] Embed Pods Frameworks */ = {
			isa = PBXShellScriptBuildPhase;
			buildActionMask = 2147483647;
			files = (
			);
			inputPaths = (
				"${SRCROOT}/Pods/Target Support Files/Pods-PhotoFilter/Pods-PhotoFilter-frameworks.sh",
				"${BUILT_PRODUCTS_DIR}/Kingfisher/Kingfisher.framework",
			);
			name = "[CP] Embed Pods Frameworks";
			outputPaths = (
				"${TARGET_BUILD_DIR}/${FRAMEWORKS_FOLDER_PATH}/Kingfisher.framework",
			);
			runOnlyForDeploymentPostprocessing = 0;
			shellPath = /bin/sh;
			shellScript = "\"${SRCROOT}/Pods/Target Support Files/Pods-PhotoFilter/Pods-PhotoFilter-frameworks.sh\"\n";
			showEnvVarsInLog = 0;
		};
/* End PBXShellScriptBuildPhase section */

/* Begin PBXSourcesBuildPhase section */
		C8BA290920C3ED5F00FB8E89 /* Sources */ = {
			isa = PBXSourcesBuildPhase;
			buildActionMask = 2147483647;
			files = (
				C8BA294220C41E0100FB8E89 /* Photo.swift in Sources */,
				C8BA294620C4213500FB8E89 /* PhotoCell.swift in Sources */,
				C8BA294420C4203000FB8E89 /* Service.swift in Sources */,
				C8BA291320C3ED5F00FB8E89 /* PhotoFilterViewController.swift in Sources */,
				C8BA291120C3ED5F00FB8E89 /* AppDelegate.swift in Sources */,
			);
			runOnlyForDeploymentPostprocessing = 0;
		};
		C8BA291D20C3ED6100FB8E89 /* Sources */ = {
			isa = PBXSourcesBuildPhase;
			buildActionMask = 2147483647;
			files = (
				C8BA292620C3ED6100FB8E89 /* PhotoFilterTests.swift in Sources */,
			);
			runOnlyForDeploymentPostprocessing = 0;
		};
		C8BA292820C3ED6100FB8E89 /* Sources */ = {
			isa = PBXSourcesBuildPhase;
			buildActionMask = 2147483647;
			files = (
				C8BA293120C3ED6100FB8E89 /* PhotoFilterUITests.swift in Sources */,
			);
			runOnlyForDeploymentPostprocessing = 0;
		};
/* End PBXSourcesBuildPhase section */

/* Begin PBXTargetDependency section */
		C8BA292320C3ED6100FB8E89 /* PBXTargetDependency */ = {
			isa = PBXTargetDependency;
			target = C8BA290C20C3ED5F00FB8E89 /* PhotoFilter */;
			targetProxy = C8BA292220C3ED6100FB8E89 /* PBXContainerItemProxy */;
		};
		C8BA292E20C3ED6100FB8E89 /* PBXTargetDependency */ = {
			isa = PBXTargetDependency;
			target = C8BA290C20C3ED5F00FB8E89 /* PhotoFilter */;
			targetProxy = C8BA292D20C3ED6100FB8E89 /* PBXContainerItemProxy */;
		};
/* End PBXTargetDependency section */

/* Begin PBXVariantGroup section */
		C8BA291420C3ED5F00FB8E89 /* Main.storyboard */ = {
			isa = PBXVariantGroup;
			children = (
				C8BA291520C3ED5F00FB8E89 /* Base */,
			);
			name = Main.storyboard;
			sourceTree = "<group>";
		};
		C8BA291920C3ED6100FB8E89 /* LaunchScreen.storyboard */ = {
			isa = PBXVariantGroup;
			children = (
				C8BA291A20C3ED6100FB8E89 /* Base */,
			);
			name = LaunchScreen.storyboard;
			sourceTree = "<group>";
		};
/* End PBXVariantGroup section */

/* Begin XCBuildConfiguration section */
		C8BA293320C3ED6100FB8E89 /* Debug */ = {
			isa = XCBuildConfiguration;
			buildSettings = {
				ALWAYS_SEARCH_USER_PATHS = NO;
				CLANG_ANALYZER_NONNULL = YES;
				CLANG_ANALYZER_NUMBER_OBJECT_CONVERSION = YES_AGGRESSIVE;
				CLANG_CXX_LANGUAGE_STANDARD = "gnu++14";
				CLANG_CXX_LIBRARY = "libc++";
				CLANG_ENABLE_MODULES = YES;
				CLANG_ENABLE_OBJC_ARC = YES;
				CLANG_ENABLE_OBJC_WEAK = YES;
				CLANG_WARN_BLOCK_CAPTURE_AUTORELEASING = YES;
				CLANG_WARN_BOOL_CONVERSION = YES;
				CLANG_WARN_COMMA = YES;
				CLANG_WARN_CONSTANT_CONVERSION = YES;
				CLANG_WARN_DEPRECATED_OBJC_IMPLEMENTATIONS = YES;
				CLANG_WARN_DIRECT_OBJC_ISA_USAGE = YES_ERROR;
				CLANG_WARN_DOCUMENTATION_COMMENTS = YES;
				CLANG_WARN_EMPTY_BODY = YES;
				CLANG_WARN_ENUM_CONVERSION = YES;
				CLANG_WARN_INFINITE_RECURSION = YES;
				CLANG_WARN_INT_CONVERSION = YES;
				CLANG_WARN_NON_LITERAL_NULL_CONVERSION = YES;
				CLANG_WARN_OBJC_IMPLICIT_RETAIN_SELF = YES;
				CLANG_WARN_OBJC_LITERAL_CONVERSION = YES;
				CLANG_WARN_OBJC_ROOT_CLASS = YES_ERROR;
				CLANG_WARN_RANGE_LOOP_ANALYSIS = YES;
				CLANG_WARN_STRICT_PROTOTYPES = YES;
				CLANG_WARN_SUSPICIOUS_MOVE = YES;
				CLANG_WARN_UNGUARDED_AVAILABILITY = YES_AGGRESSIVE;
				CLANG_WARN_UNREACHABLE_CODE = YES;
				CLANG_WARN__DUPLICATE_METHOD_MATCH = YES;
				CODE_SIGN_IDENTITY = "iPhone Developer";
				COPY_PHASE_STRIP = NO;
				DEBUG_INFORMATION_FORMAT = dwarf;
				ENABLE_STRICT_OBJC_MSGSEND = YES;
				ENABLE_TESTABILITY = YES;
				GCC_C_LANGUAGE_STANDARD = gnu11;
				GCC_DYNAMIC_NO_PIC = NO;
				GCC_NO_COMMON_BLOCKS = YES;
				GCC_OPTIMIZATION_LEVEL = 0;
				GCC_PREPROCESSOR_DEFINITIONS = (
					"DEBUG=1",
					"$(inherited)",
				);
				GCC_WARN_64_TO_32_BIT_CONVERSION = YES;
				GCC_WARN_ABOUT_RETURN_TYPE = YES_ERROR;
				GCC_WARN_UNDECLARED_SELECTOR = YES;
				GCC_WARN_UNINITIALIZED_AUTOS = YES_AGGRESSIVE;
				GCC_WARN_UNUSED_FUNCTION = YES;
				GCC_WARN_UNUSED_VARIABLE = YES;
				IPHONEOS_DEPLOYMENT_TARGET = 11.3;
				MTL_ENABLE_DEBUG_INFO = YES;
				ONLY_ACTIVE_ARCH = YES;
				SDKROOT = iphoneos;
				SWIFT_ACTIVE_COMPILATION_CONDITIONS = DEBUG;
				SWIFT_OPTIMIZATION_LEVEL = "-Onone";
			};
			name = Debug;
		};
		C8BA293420C3ED6100FB8E89 /* Release */ = {
			isa = XCBuildConfiguration;
			buildSettings = {
				ALWAYS_SEARCH_USER_PATHS = NO;
				CLANG_ANALYZER_NONNULL = YES;
				CLANG_ANALYZER_NUMBER_OBJECT_CONVERSION = YES_AGGRESSIVE;
				CLANG_CXX_LANGUAGE_STANDARD = "gnu++14";
				CLANG_CXX_LIBRARY = "libc++";
				CLANG_ENABLE_MODULES = YES;
				CLANG_ENABLE_OBJC_ARC = YES;
				CLANG_ENABLE_OBJC_WEAK = YES;
				CLANG_WARN_BLOCK_CAPTURE_AUTORELEASING = YES;
				CLANG_WARN_BOOL_CONVERSION = YES;
				CLANG_WARN_COMMA = YES;
				CLANG_WARN_CONSTANT_CONVERSION = YES;
				CLANG_WARN_DEPRECATED_OBJC_IMPLEMENTATIONS = YES;
				CLANG_WARN_DIRECT_OBJC_ISA_USAGE = YES_ERROR;
				CLANG_WARN_DOCUMENTATION_COMMENTS = YES;
				CLANG_WARN_EMPTY_BODY = YES;
				CLANG_WARN_ENUM_CONVERSION = YES;
				CLANG_WARN_INFINITE_RECURSION = YES;
				CLANG_WARN_INT_CONVERSION = YES;
				CLANG_WARN_NON_LITERAL_NULL_CONVERSION = YES;
				CLANG_WARN_OBJC_IMPLICIT_RETAIN_SELF = YES;
				CLANG_WARN_OBJC_LITERAL_CONVERSION = YES;
				CLANG_WARN_OBJC_ROOT_CLASS = YES_ERROR;
				CLANG_WARN_RANGE_LOOP_ANALYSIS = YES;
				CLANG_WARN_STRICT_PROTOTYPES = YES;
				CLANG_WARN_SUSPICIOUS_MOVE = YES;
				CLANG_WARN_UNGUARDED_AVAILABILITY = YES_AGGRESSIVE;
				CLANG_WARN_UNREACHABLE_CODE = YES;
				CLANG_WARN__DUPLICATE_METHOD_MATCH = YES;
				CODE_SIGN_IDENTITY = "iPhone Developer";
				COPY_PHASE_STRIP = NO;
				DEBUG_INFORMATION_FORMAT = "dwarf-with-dsym";
				ENABLE_NS_ASSERTIONS = NO;
				ENABLE_STRICT_OBJC_MSGSEND = YES;
				GCC_C_LANGUAGE_STANDARD = gnu11;
				GCC_NO_COMMON_BLOCKS = YES;
				GCC_WARN_64_TO_32_BIT_CONVERSION = YES;
				GCC_WARN_ABOUT_RETURN_TYPE = YES_ERROR;
				GCC_WARN_UNDECLARED_SELECTOR = YES;
				GCC_WARN_UNINITIALIZED_AUTOS = YES_AGGRESSIVE;
				GCC_WARN_UNUSED_FUNCTION = YES;
				GCC_WARN_UNUSED_VARIABLE = YES;
				IPHONEOS_DEPLOYMENT_TARGET = 11.3;
				MTL_ENABLE_DEBUG_INFO = NO;
				SDKROOT = iphoneos;
				SWIFT_COMPILATION_MODE = wholemodule;
				SWIFT_OPTIMIZATION_LEVEL = "-O";
				VALIDATE_PRODUCT = YES;
			};
			name = Release;
		};
		C8BA293620C3ED6100FB8E89 /* Debug */ = {
			isa = XCBuildConfiguration;
			baseConfigurationReference = DEC9C6D73DD9C3968CDCB6A7 /* Pods-PhotoFilter.debug.xcconfig */;
			buildSettings = {
				ASSETCATALOG_COMPILER_APPICON_NAME = AppIcon;
				CODE_SIGN_IDENTITY = "iPhone Developer";
				CODE_SIGN_STYLE = Automatic;
				DEVELOPMENT_TEAM = 664CRGVR64;
				INFOPLIST_FILE = "$(SRCROOT)/PhotoFilter/Resources/Info.plist";
				IPHONEOS_DEPLOYMENT_TARGET = 9.3;
				LD_RUNPATH_SEARCH_PATHS = "$(inherited) @executable_path/Frameworks";
				PRODUCT_BUNDLE_IDENTIFIER = com.me.PhotoFilter;
				PRODUCT_NAME = "$(TARGET_NAME)";
				PROVISIONING_PROFILE_SPECIFIER = "";
				SWIFT_VERSION = 4.0;
				TARGETED_DEVICE_FAMILY = "1,2";
			};
			name = Debug;
		};
		C8BA293720C3ED6100FB8E89 /* Release */ = {
			isa = XCBuildConfiguration;
			baseConfigurationReference = F3CD235E552197C5CF3A6A14 /* Pods-PhotoFilter.release.xcconfig */;
			buildSettings = {
				ASSETCATALOG_COMPILER_APPICON_NAME = AppIcon;
				CODE_SIGN_IDENTITY = "iPhone Developer";
				CODE_SIGN_STYLE = Automatic;
				DEVELOPMENT_TEAM = 664CRGVR64;
				INFOPLIST_FILE = "$(SRCROOT)/PhotoFilter/Resources/Info.plist";
				IPHONEOS_DEPLOYMENT_TARGET = 9.3;
				LD_RUNPATH_SEARCH_PATHS = "$(inherited) @executable_path/Frameworks";
				PRODUCT_BUNDLE_IDENTIFIER = com.me.PhotoFilter;
				PRODUCT_NAME = "$(TARGET_NAME)";
				PROVISIONING_PROFILE_SPECIFIER = "";
				SWIFT_VERSION = 4.0;
				TARGETED_DEVICE_FAMILY = "1,2";
			};
			name = Release;
		};
		C8BA293920C3ED6100FB8E89 /* Debug */ = {
			isa = XCBuildConfiguration;
			buildSettings = {
				ALWAYS_EMBED_SWIFT_STANDARD_LIBRARIES = YES;
				BUNDLE_LOADER = "$(TEST_HOST)";
				CODE_SIGN_STYLE = Automatic;
				DEVELOPMENT_TEAM = 62672XKV3W;
				INFOPLIST_FILE = PhotoFilterTests/Info.plist;
				LD_RUNPATH_SEARCH_PATHS = "$(inherited) @executable_path/Frameworks @loader_path/Frameworks";
				PRODUCT_BUNDLE_IDENTIFIER = com.me.PhotoFilterTests;
				PRODUCT_NAME = "$(TARGET_NAME)";
				SWIFT_VERSION = 4.0;
				TARGETED_DEVICE_FAMILY = "1,2";
				TEST_HOST = "$(BUILT_PRODUCTS_DIR)/PhotoFilter.app/PhotoFilter";
			};
			name = Debug;
		};
		C8BA293A20C3ED6100FB8E89 /* Release */ = {
			isa = XCBuildConfiguration;
			buildSettings = {
				ALWAYS_EMBED_SWIFT_STANDARD_LIBRARIES = YES;
				BUNDLE_LOADER = "$(TEST_HOST)";
				CODE_SIGN_STYLE = Automatic;
				DEVELOPMENT_TEAM = 62672XKV3W;
				INFOPLIST_FILE = PhotoFilterTests/Info.plist;
				LD_RUNPATH_SEARCH_PATHS = "$(inherited) @executable_path/Frameworks @loader_path/Frameworks";
				PRODUCT_BUNDLE_IDENTIFIER = com.me.PhotoFilterTests;
				PRODUCT_NAME = "$(TARGET_NAME)";
				SWIFT_VERSION = 4.0;
				TARGETED_DEVICE_FAMILY = "1,2";
				TEST_HOST = "$(BUILT_PRODUCTS_DIR)/PhotoFilter.app/PhotoFilter";
			};
			name = Release;
		};
		C8BA293C20C3ED6100FB8E89 /* Debug */ = {
			isa = XCBuildConfiguration;
			buildSettings = {
				ALWAYS_EMBED_SWIFT_STANDARD_LIBRARIES = YES;
				CODE_SIGN_STYLE = Automatic;
				DEVELOPMENT_TEAM = 62672XKV3W;
				INFOPLIST_FILE = PhotoFilterUITests/Info.plist;
				LD_RUNPATH_SEARCH_PATHS = "$(inherited) @executable_path/Frameworks @loader_path/Frameworks";
				PRODUCT_BUNDLE_IDENTIFIER = com.me.PhotoFilterUITests;
				PRODUCT_NAME = "$(TARGET_NAME)";
				SWIFT_VERSION = 4.0;
				TARGETED_DEVICE_FAMILY = "1,2";
				TEST_TARGET_NAME = PhotoFilter;
			};
			name = Debug;
		};
		C8BA293D20C3ED6100FB8E89 /* Release */ = {
			isa = XCBuildConfiguration;
			buildSettings = {
				ALWAYS_EMBED_SWIFT_STANDARD_LIBRARIES = YES;
				CODE_SIGN_STYLE = Automatic;
				DEVELOPMENT_TEAM = 62672XKV3W;
				INFOPLIST_FILE = PhotoFilterUITests/Info.plist;
				LD_RUNPATH_SEARCH_PATHS = "$(inherited) @executable_path/Frameworks @loader_path/Frameworks";
				PRODUCT_BUNDLE_IDENTIFIER = com.me.PhotoFilterUITests;
				PRODUCT_NAME = "$(TARGET_NAME)";
				SWIFT_VERSION = 4.0;
				TARGETED_DEVICE_FAMILY = "1,2";
				TEST_TARGET_NAME = PhotoFilter;
			};
			name = Release;
		};
/* End XCBuildConfiguration section */

/* Begin XCConfigurationList section */
		C8BA290820C3ED5F00FB8E89 /* Build configuration list for PBXProject "PhotoFilter" */ = {
			isa = XCConfigurationList;
			buildConfigurations = (
				C8BA293320C3ED6100FB8E89 /* Debug */,
				C8BA293420C3ED6100FB8E89 /* Release */,
			);
			defaultConfigurationIsVisible = 0;
			defaultConfigurationName = Release;
		};
		C8BA293520C3ED6100FB8E89 /* Build configuration list for PBXNativeTarget "PhotoFilter" */ = {
			isa = XCConfigurationList;
			buildConfigurations = (
				C8BA293620C3ED6100FB8E89 /* Debug */,
				C8BA293720C3ED6100FB8E89 /* Release */,
			);
			defaultConfigurationIsVisible = 0;
			defaultConfigurationName = Release;
		};
		C8BA293820C3ED6100FB8E89 /* Build configuration list for PBXNativeTarget "PhotoFilterTests" */ = {
			isa = XCConfigurationList;
			buildConfigurations = (
				C8BA293920C3ED6100FB8E89 /* Debug */,
				C8BA293A20C3ED6100FB8E89 /* Release */,
			);
			defaultConfigurationIsVisible = 0;
			defaultConfigurationName = Release;
		};
		C8BA293B20C3ED6100FB8E89 /* Build configuration list for PBXNativeTarget "PhotoFilterUITests" */ = {
			isa = XCConfigurationList;
			buildConfigurations = (
				C8BA293C20C3ED6100FB8E89 /* Debug */,
				C8BA293D20C3ED6100FB8E89 /* Release */,
			);
			defaultConfigurationIsVisible = 0;
			defaultConfigurationName = Release;
		};
/* End XCConfigurationList section */
	};
	rootObject = C8BA290520C3ED5F00FB8E89 /* Project object */;
}
